
Microsoft Visual Studio Solution File, Format Version 12.00
# Visual Studio Version 17
VisualStudioVersion = 17.10.35013.160
MinimumVisualStudioVersion = 10.0.40219.1
Project("{FAE04EC0-301F-11D3-BF4B-00C04F79EFBC}") = "MethodCallingPractice", "MethodCallingPractice\MethodCallingPractice.csproj", "{4DD1B23C-26BC-41EB-88B8-81A6282D549A}"
EndProject
Global
	GlobalSection(SolutionConfigurationPlatforms) = preSolution
		Debug|Any CPU = Debug|Any CPU
		Release|Any CPU = Release|Any CPU
	EndGlobalSection
	GlobalSection(ProjectConfigurationPlatforms) = postSolution
		{4DD1B23C-26BC-41EB-88B8-81A6282D549A}.Debug|Any CPU.ActiveCfg = Debug|Any CPU
		{4DD1B23C-26BC-41EB-88B8-81A6282D549A}.Debug|Any CPU.Build.0 = Debug|Any CPU
		{4DD1B23C-26BC-41EB-88B8-81A6282D549A}.Release|Any CPU.ActiveCfg = Release|Any CPU
		{4DD1B23C-26BC-41EB-88B8-81A6282D549A}.Release|Any CPU.Build.0 = Release|Any CPU
	EndGlobalSection
	GlobalSection(SolutionProperties) = preSolution
		HideSolutionNode = FALSE
	EndGlobalSection
	GlobalSection(ExtensibilityGlobals) = postSolution
		SolutionGuid = {6783EC0B-F21F-4D1C-BF3C-085776C9BD2D}
	EndGlobalSection
EndGlobal
